
Microsoft Visual Studio Solution File, Format Version 12.00
# Visual Studio Version 17
VisualStudioVersion = 17.5.33627.172
MinimumVisualStudioVersion = 10.0.40219.1
Project("{FAE04EC0-301F-11D3-BF4B-00C04F79EFBC}") = "Lab 2", "Lab 2.csproj", "{7A30B202-2029-4C04-B094-632CA31A50F6}"
EndProject
Global
	GlobalSection(SolutionConfigurationPlatforms) = preSolution
		Debug|Any CPU = Debug|Any CPU
		Release|Any CPU = Release|Any CPU
	EndGlobalSection
	GlobalSection(ProjectConfigurationPlatforms) = postSolution
		{7A30B202-2029-4C04-B094-632CA31A50F6}.Debug|Any CPU.ActiveCfg = Debug|Any CPU
		{7A30B202-2029-4C04-B094-632CA31A50F6}.Debug|Any CPU.Build.0 = Debug|Any CPU
		{7A30B202-2029-4C04-B094-632CA31A50F6}.Release|Any CPU.ActiveCfg = Release|Any CPU
		{7A30B202-2029-4C04-B094-632CA31A50F6}.Release|Any CPU.Build.0 = Release|Any CPU
	EndGlobalSection
	GlobalSection(SolutionProperties) = preSolution
		HideSolutionNode = FALSE
	EndGlobalSection
	GlobalSection(ExtensibilityGlobals) = postSolution
		SolutionGuid = {D01BD4D7-B1A5-4917-90E9-C59C0B0B772C}
	EndGlobalSection
EndGlobal
